
Microsoft Visual Studio Solution File, Format Version 12.00
# Visual Studio Version 17
VisualStudioVersion = 17.4.33213.308
MinimumVisualStudioVersion = 10.0.40219.1
Project("{9A19103F-16F7-4668-BE54-9A1E7A4F7556}") = "SpaceShooter", "SpaceShooter\SpaceShooter.csproj", "{6DAC8385-3E85-4C1C-8BD3-8B3800BD250E}"
EndProject
Project("{FAE04EC0-301F-11D3-BF4B-00C04F79EFBC}") = "Tests Unitaires", "Tests Unitaires\Tests Unitaires.csproj", "{F12FF084-0CC1-475D-BD9C-6818A5C81EFE}"
EndProject
Global
	GlobalSection(SolutionConfigurationPlatforms) = preSolution
		Debug|Any CPU = Debug|Any CPU
		Release|Any CPU = Release|Any CPU
	EndGlobalSection
	GlobalSection(ProjectConfigurationPlatforms) = postSolution
		{6DAC8385-3E85-4C1C-8BD3-8B3800BD250E}.Debug|Any CPU.ActiveCfg = Debug|Any CPU
		{6DAC8385-3E85-4C1C-8BD3-8B3800BD250E}.Debug|Any CPU.Build.0 = Debug|Any CPU
		{6DAC8385-3E85-4C1C-8BD3-8B3800BD250E}.Release|Any CPU.ActiveCfg = Release|Any CPU
		{6DAC8385-3E85-4C1C-8BD3-8B3800BD250E}.Release|Any CPU.Build.0 = Release|Any CPU
		{F12FF084-0CC1-475D-BD9C-6818A5C81EFE}.Debug|Any CPU.ActiveCfg = Debug|Any CPU
		{F12FF084-0CC1-475D-BD9C-6818A5C81EFE}.Debug|Any CPU.Build.0 = Debug|Any CPU
		{F12FF084-0CC1-475D-BD9C-6818A5C81EFE}.Release|Any CPU.ActiveCfg = Release|Any CPU
		{F12FF084-0CC1-475D-BD9C-6818A5C81EFE}.Release|Any CPU.Build.0 = Release|Any CPU
	EndGlobalSection
	GlobalSection(SolutionProperties) = preSolution
		HideSolutionNode = FALSE
	EndGlobalSection
	GlobalSection(ExtensibilityGlobals) = postSolution
		SolutionGuid = {0E862CD7-0887-4896-B5D8-C171945DC19A}
	EndGlobalSection
EndGlobal
